{
  "name": "crawler",
  "lockfileVersion": 2,
  "requires": true,
  "packages": {
    "": {
      "dependencies": {
        "node-html-crawler": "^1.2.3"
      }
    },
    "node_modules/node-html-crawler": {
      "version": "1.2.3",
      "resolved": "https://registry.npmjs.org/node-html-crawler/-/node-html-crawler-1.2.3.tgz",
      "integrity": "sha512-i07HRgtVYgDLgH6g589lApWUy+O8Pg8vDhxR1Wp4r23XbfdXIOLda+C4fWx6rHQrWOfYStucqFIVZ6Tj51Dc5A=="
    }
  },
  "dependencies": {
    "node-html-crawler": {
      "version": "1.2.3",
      "resolved": "https://registry.npmjs.org/node-html-crawler/-/node-html-crawler-1.2.3.tgz",
      "integrity": "sha512-i07HRgtVYgDLgH6g589lApWUy+O8Pg8vDhxR1Wp4r23XbfdXIOLda+C4fWx6rHQrWOfYStucqFIVZ6Tj51Dc5A=="
    }
  }
}
